
Microsoft Visual Studio Solution File, Format Version 12.00
# Visual Studio Version 18
VisualStudioVersion = 18.2.11415.280 d18.0
MinimumVisualStudioVersion = 10.0.40219.1
Project("{FAE04EC0-301F-11D3-BF4B-00C04F79EFBC}") = "TestMenuDeroulant", "TestMenuDeroulant\TestMenuDeroulant.csproj", "{D0842A19-518F-4190-838D-519A10F1A6D7}"
EndProject
Global
	GlobalSection(SolutionConfigurationPlatforms) = preSolution
		Debug|Any CPU = Debug|Any CPU
		Release|Any CPU = Release|Any CPU
	EndGlobalSection
	GlobalSection(ProjectConfigurationPlatforms) = postSolution
		{D0842A19-518F-4190-838D-519A10F1A6D7}.Debug|Any CPU.ActiveCfg = Debug|Any CPU
		{D0842A19-518F-4190-838D-519A10F1A6D7}.Debug|Any CPU.Build.0 = Debug|Any CPU
		{D0842A19-518F-4190-838D-519A10F1A6D7}.Release|Any CPU.ActiveCfg = Release|Any CPU
		{D0842A19-518F-4190-838D-519A10F1A6D7}.Release|Any CPU.Build.0 = Release|Any CPU
	EndGlobalSection
	GlobalSection(SolutionProperties) = preSolution
		HideSolutionNode = FALSE
	EndGlobalSection
	GlobalSection(ExtensibilityGlobals) = postSolution
		SolutionGuid = {018328DE-D608-4FDF-8556-87B2305276D0}
	EndGlobalSection
EndGlobal
